// !$*UTF8*$!
{
	archiveVersion = 1;
	classes = {
	};
	objectVersion = 50;
	objects = {

/* Begin PBXBuildFile section */
		3BD47D8722A83A260078E553 /* AppDelegate.swift in Sources */ = {isa = PBXBuildFile; fileRef = 3BD47D8622A83A260078E553 /* AppDelegate.swift */; };
		3BD47D8922A83A260078E553 /* SceneDelegate.swift in Sources */ = {isa = PBXBuildFile; fileRef = 3BD47D8822A83A260078E553 /* SceneDelegate.swift */; };
		3BD47D8B22A83A260078E553 /* ContentView.swift in Sources */ = {isa = PBXBuildFile; fileRef = 3BD47D8A22A83A260078E553 /* ContentView.swift */; };
		3BD47D8D22A83A270078E553 /* Assets.xcassets in Resources */ = {isa = PBXBuildFile; fileRef = 3BD47D8C22A83A270078E553 /* Assets.xcassets */; };
		3BD47D9022A83A270078E553 /* Preview Assets.xcassets in Resources */ = {isa = PBXBuildFile; fileRef = 3BD47D8F22A83A270078E553 /* Preview Assets.xcassets */; };
		3BD47D9322A83A270078E553 /* LaunchScreen.storyboard in Resources */ = {isa = PBXBuildFile; fileRef = 3BD47D9122A83A270078E553 /* LaunchScreen.storyboard */; };
		3BD47D9E22A83A270078E553 /* Todo_Combine_SwiftUITests.swift in Sources */ = {isa = PBXBuildFile; fileRef = 3BD47D9D22A83A270078E553 /* Todo_Combine_SwiftUITests.swift */; };
		3BD47DA922A83A270078E553 /* Todo_Combine_SwiftUIUITests.swift in Sources */ = {isa = PBXBuildFile; fileRef = 3BD47DA822A83A270078E553 /* Todo_Combine_SwiftUIUITests.swift */; };
/* End PBXBuildFile section */

/* Begin PBXContainerItemProxy section */
		3BD47D9A22A83A270078E553 /* PBXContainerItemProxy */ = {
			isa = PBXContainerItemProxy;
			containerPortal = 3BD47D7B22A83A250078E553 /* Project object */;
			proxyType = 1;
			remoteGlobalIDString = 3BD47D8222A83A260078E553;
			remoteInfo = "Todo-Combine-SwiftUI";
		};
		3BD47DA522A83A270078E553 /* PBXContainerItemProxy */ = {
			isa = PBXContainerItemProxy;
			containerPortal = 3BD47D7B22A83A250078E553 /* Project object */;
			proxyType = 1;
			remoteGlobalIDString = 3BD47D8222A83A260078E553;
			remoteInfo = "Todo-Combine-SwiftUI";
		};
/* End PBXContainerItemProxy section */

/* Begin PBXFileReference section */
		3BD47D8322A83A260078E553 /* Todo-Combine-SwiftUI.app */ = {isa = PBXFileReference; explicitFileType = wrapper.application; includeInIndex = 0; path = "Todo-Combine-SwiftUI.app"; sourceTree = BUILT_PRODUCTS_DIR; };
		3BD47D8622A83A260078E553 /* AppDelegate.swift */ = {isa = PBXFileReference; lastKnownFileType = sourcecode.swift; path = AppDelegate.swift; sourceTree = "<group>"; };
		3BD47D8822A83A260078E553 /* SceneDelegate.swift */ = {isa = PBXFileReference; lastKnownFileType = sourcecode.swift; path = SceneDelegate.swift; sourceTree = "<group>"; };
		3BD47D8A22A83A260078E553 /* ContentView.swift */ = {isa = PBXFileReference; lastKnownFileType = sourcecode.swift; path = ContentView.swift; sourceTree = "<group>"; };
		3BD47D8C22A83A270078E553 /* Assets.xcassets */ = {isa = PBXFileReference; lastKnownFileType = folder.assetcatalog; path = Assets.xcassets; sourceTree = "<group>"; };
		3BD47D8F22A83A270078E553 /* Preview Assets.xcassets */ = {isa = PBXFileReference; lastKnownFileType = folder.assetcatalog; path = "Preview Assets.xcassets"; sourceTree = "<group>"; };
		3BD47D9222A83A270078E553 /* Base */ = {isa = PBXFileReference; lastKnownFileType = file.storyboard; name = Base; path = Base.lproj/LaunchScreen.storyboard; sourceTree = "<group>"; };
		3BD47D9422A83A270078E553 /* Info.plist */ = {isa = PBXFileReference; lastKnownFileType = text.plist.xml; path = Info.plist; sourceTree = "<group>"; };
		3BD47D9922A83A270078E553 /* Todo-Combine-SwiftUITests.xctest */ = {isa = PBXFileReference; explicitFileType = wrapper.cfbundle; includeInIndex = 0; path = "Todo-Combine-SwiftUITests.xctest"; sourceTree = BUILT_PRODUCTS_DIR; };
		3BD47D9D22A83A270078E553 /* Todo_Combine_SwiftUITests.swift */ = {isa = PBXFileReference; lastKnownFileType = sourcecode.swift; path = Todo_Combine_SwiftUITests.swift; sourceTree = "<group>"; };
		3BD47D9F22A83A270078E553 /* Info.plist */ = {isa = PBXFileReference; lastKnownFileType = text.plist.xml; path = Info.plist; sourceTree = "<group>"; };
		3BD47DA422A83A270078E553 /* Todo-Combine-SwiftUIUITests.xctest */ = {isa = PBXFileReference; explicitFileType = wrapper.cfbundle; includeInIndex = 0; path = "Todo-Combine-SwiftUIUITests.xctest"; sourceTree = BUILT_PRODUCTS_DIR; };
		3BD47DA822A83A270078E553 /* Todo_Combine_SwiftUIUITests.swift */ = {isa = PBXFileReference; lastKnownFileType = sourcecode.swift; path = Todo_Combine_SwiftUIUITests.swift; sourceTree = "<group>"; };
		3BD47DAA22A83A270078E553 /* Info.plist */ = {isa = PBXFileReference; lastKnownFileType = text.plist.xml; path = Info.plist; sourceTree = "<group>"; };
/* End PBXFileReference section */

/* Begin PBXFrameworksBuildPhase section */
		3BD47D8022A83A260078E553 /* Frameworks */ = {
			isa = PBXFrameworksBuildPhase;
			buildActionMask = 2147483647;
			files = (
			);
			runOnlyForDeploymentPostprocessing = 0;
		};
		3BD47D9622A83A270078E553 /* Frameworks */ = {
			isa = PBXFrameworksBuildPhase;
			buildActionMask = 2147483647;
			files = (
			);
			runOnlyForDeploymentPostprocessing = 0;
		};
		3BD47DA122A83A270078E553 /* Frameworks */ = {
			isa = PBXFrameworksBuildPhase;
			buildActionMask = 2147483647;
			files = (
			);
			runOnlyForDeploymentPostprocessing = 0;
		};
/* End PBXFrameworksBuildPhase section */

/* Begin PBXGroup section */
		3BD47D7A22A83A250078E553 = {
			isa = PBXGroup;
			children = (
				3BD47D8522A83A260078E553 /* Todo-Combine-SwiftUI */,
				3BD47D9C22A83A270078E553 /* Todo-Combine-SwiftUITests */,
				3BD47DA722A83A270078E553 /* Todo-Combine-SwiftUIUITests */,
				3BD47D8422A83A260078E553 /* Products */,
			);
			sourceTree = "<group>";
		};
		3BD47D8422A83A260078E553 /* Products */ = {
			isa = PBXGroup;
			children = (
				3BD47D8322A83A260078E553 /* Todo-Combine-SwiftUI.app */,
				3BD47D9922A83A270078E553 /* Todo-Combine-SwiftUITests.xctest */,
				3BD47DA422A83A270078E553 /* Todo-Combine-SwiftUIUITests.xctest */,
			);
			name = Products;
			sourceTree = "<group>";
		};
		3BD47D8522A83A260078E553 /* Todo-Combine-SwiftUI */ = {
			isa = PBXGroup;
			children = (
				3BD47D8622A83A260078E553 /* AppDelegate.swift */,
				3BD47D8822A83A260078E553 /* SceneDelegate.swift */,
				3BD47D8A22A83A260078E553 /* ContentView.swift */,
				3BD47D8C22A83A270078E553 /* Assets.xcassets */,
				3BD47D9122A83A270078E553 /* LaunchScreen.storyboard */,
				3BD47D9422A83A270078E553 /* Info.plist */,
				3BD47D8E22A83A270078E553 /* Preview Content */,
			);
			path = "Todo-Combine-SwiftUI";
			sourceTree = "<group>";
		};
		3BD47D8E22A83A270078E553 /* Preview Content */ = {
			isa = PBXGroup;
			children = (
				3BD47D8F22A83A270078E553 /* Preview Assets.xcassets */,
			);
			path = "Preview Content";
			sourceTree = "<group>";
		};
		3BD47D9C22A83A270078E553 /* Todo-Combine-SwiftUITests */ = {
			isa = PBXGroup;
			children = (
				3BD47D9D22A83A270078E553 /* Todo_Combine_SwiftUITests.swift */,
				3BD47D9F22A83A270078E553 /* Info.plist */,
			);
			path = "Todo-Combine-SwiftUITests";
			sourceTree = "<group>";
		};
		3BD47DA722A83A270078E553 /* Todo-Combine-SwiftUIUITests */ = {
			isa = PBXGroup;
			children = (
				3BD47DA822A83A270078E553 /* Todo_Combine_SwiftUIUITests.swift */,
				3BD47DAA22A83A270078E553 /* Info.plist */,
			);
			path = "Todo-Combine-SwiftUIUITests";
			sourceTree = "<group>";
		};
/* End PBXGroup section */

/* Begin PBXNativeTarget section */
		3BD47D8222A83A260078E553 /* Todo-Combine-SwiftUI */ = {
			isa = PBXNativeTarget;
			buildConfigurationList = 3BD47DAD22A83A270078E553 /* Build configuration list for PBXNativeTarget "Todo-Combine-SwiftUI" */;
			buildPhases = (
				3BD47D7F22A83A260078E553 /* Sources */,
				3BD47D8022A83A260078E553 /* Frameworks */,
				3BD47D8122A83A260078E553 /* Resources */,
			);
			buildRules = (
			);
			dependencies = (
			);
			name = "Todo-Combine-SwiftUI";
			productName = "Todo-Combine-SwiftUI";
			productReference = 3BD47D8322A83A260078E553 /* Todo-Combine-SwiftUI.app */;
			productType = "com.apple.product-type.application";
		};
		3BD47D9822A83A270078E553 /* Todo-Combine-SwiftUITests */ = {
			isa = PBXNativeTarget;
			buildConfigurationList = 3BD47DB022A83A270078E553 /* Build configuration list for PBXNativeTarget "Todo-Combine-SwiftUITests" */;
			buildPhases = (
				3BD47D9522A83A270078E553 /* Sources */,
				3BD47D9622A83A270078E553 /* Frameworks */,
				3BD47D9722A83A270078E553 /* Resources */,
			);
			buildRules = (
			);
			dependencies = (
				3BD47D9B22A83A270078E553 /* PBXTargetDependency */,
			);
			name = "Todo-Combine-SwiftUITests";
			productName = "Todo-Combine-SwiftUITests";
			productReference = 3BD47D9922A83A270078E553 /* Todo-Combine-SwiftUITests.xctest */;
			productType = "com.apple.product-type.bundle.unit-test";
		};
		3BD47DA322A83A270078E553 /* Todo-Combine-SwiftUIUITests */ = {
			isa = PBXNativeTarget;
			buildConfigurationList = 3BD47DB322A83A270078E553 /* Build configuration list for PBXNativeTarget "Todo-Combine-SwiftUIUITests" */;
			buildPhases = (
				3BD47DA022A83A270078E553 /* Sources */,
				3BD47DA122A83A270078E553 /* Frameworks */,
				3BD47DA222A83A270078E553 /* Resources */,
			);
			buildRules = (
			);
			dependencies = (
				3BD47DA622A83A270078E553 /* PBXTargetDependency */,
			);
			name = "Todo-Combine-SwiftUIUITests";
			productName = "Todo-Combine-SwiftUIUITests";
			productReference = 3BD47DA422A83A270078E553 /* Todo-Combine-SwiftUIUITests.xctest */;
			productType = "com.apple.product-type.bundle.ui-testing";
		};
/* End PBXNativeTarget section */

/* Begin PBXProject section */
		3BD47D7B22A83A250078E553 /* Project object */ = {
			isa = PBXProject;
			attributes = {
				LastSwiftUpdateCheck = 1100;
				LastUpgradeCheck = 1100;
				ORGANIZATIONNAME = jamfly;
				TargetAttributes = {
					3BD47D8222A83A260078E553 = {
						CreatedOnToolsVersion = 11.0;
					};
					3BD47D9822A83A270078E553 = {
						CreatedOnToolsVersion = 11.0;
						TestTargetID = 3BD47D8222A83A260078E553;
					};
					3BD47DA322A83A270078E553 = {
						CreatedOnToolsVersion = 11.0;
						TestTargetID = 3BD47D8222A83A260078E553;
					};
				};
			};
			buildConfigurationList = 3BD47D7E22A83A250078E553 /* Build configuration list for PBXProject "Todo-Combine-SwiftUI" */;
			compatibilityVersion = "Xcode 9.3";
			developmentRegion = en;
			hasScannedForEncodings = 0;
			knownRegions = (
				en,
				Base,
			);
			mainGroup = 3BD47D7A22A83A250078E553;
			productRefGroup = 3BD47D8422A83A260078E553 /* Products */;
			projectDirPath = "";
			projectRoot = "";
			targets = (
				3BD47D8222A83A260078E553 /* Todo-Combine-SwiftUI */,
				3BD47D9822A83A270078E553 /* Todo-Combine-SwiftUITests */,
				3BD47DA322A83A270078E553 /* Todo-Combine-SwiftUIUITests */,
			);
		};
/* End PBXProject section */

/* Begin PBXResourcesBuildPhase section */
		3BD47D8122A83A260078E553 /* Resources */ = {
			isa = PBXResourcesBuildPhase;
			buildActionMask = 2147483647;
			files = (
				3BD47D9322A83A270078E553 /* LaunchScreen.storyboard in Resources */,
				3BD47D9022A83A270078E553 /* Preview Assets.xcassets in Resources */,
				3BD47D8D22A83A270078E553 /* Assets.xcassets in Resources */,
			);
			runOnlyForDeploymentPostprocessing = 0;
		};
		3BD47D9722A83A270078E553 /* Resources */ = {
			isa = PBXResourcesBuildPhase;
			buildActionMask = 2147483647;
			files = (
			);
			runOnlyForDeploymentPostprocessing = 0;
		};
		3BD47DA222A83A270078E553 /* Resources */ = {
			isa = PBXResourcesBuildPhase;
			buildActionMask = 2147483647;
			files = (
			);
			runOnlyForDeploymentPostprocessing = 0;
		};
/* End PBXResourcesBuildPhase section */

/* Begin PBXSourcesBuildPhase section */
		3BD47D7F22A83A260078E553 /* Sources */ = {
			isa = PBXSourcesBuildPhase;
			buildActionMask = 2147483647;
			files = (
				3BD47D8722A83A260078E553 /* AppDelegate.swift in Sources */,
				3BD47D8922A83A260078E553 /* SceneDelegate.swift in Sources */,
				3BD47D8B22A83A260078E553 /* ContentView.swift in Sources */,
			);
			runOnlyForDeploymentPostprocessing = 0;
		};
		3BD47D9522A83A270078E553 /* Sources */ = {
			isa = PBXSourcesBuildPhase;
			buildActionMask = 2147483647;
			files = (
				3BD47D9E22A83A270078E553 /* Todo_Combine_SwiftUITests.swift in Sources */,
			);
			runOnlyForDeploymentPostprocessing = 0;
		};
		3BD47DA022A83A270078E553 /* Sources */ = {
			isa = PBXSourcesBuildPhase;
			buildActionMask = 2147483647;
			files = (
				3BD47DA922A83A270078E553 /* Todo_Combine_SwiftUIUITests.swift in Sources */,
			);
			runOnlyForDeploymentPostprocessing = 0;
		};
/* End PBXSourcesBuildPhase section */

/* Begin PBXTargetDependency section */
		3BD47D9B22A83A270078E553 /* PBXTargetDependency */ = {
			isa = PBXTargetDependency;
			target = 3BD47D8222A83A260078E553 /* Todo-Combine-SwiftUI */;
			targetProxy = 3BD47D9A22A83A270078E553 /* PBXContainerItemProxy */;
		};
		3BD47DA622A83A270078E553 /* PBXTargetDependency */ = {
			isa = PBXTargetDependency;
			target = 3BD47D8222A83A260078E553 /* Todo-Combine-SwiftUI */;
			targetProxy = 3BD47DA522A83A270078E553 /* PBXContainerItemProxy */;
		};
/* End PBXTargetDependency section */

/* Begin PBXVariantGroup section */
		3BD47D9122A83A270078E553 /* LaunchScreen.storyboard */ = {
			isa = PBXVariantGroup;
			children = (
				3BD47D9222A83A270078E553 /* Base */,
			);
			name = LaunchScreen.storyboard;
			sourceTree = "<group>";
		};
/* End PBXVariantGroup section */

/* Begin XCBuildConfiguration section */
		3BD47DAB22A83A270078E553 /* Debug */ = {
			isa = XCBuildConfiguration;
			buildSettings = {
				ALWAYS_SEARCH_USER_PATHS = NO;
				CLANG_ANALYZER_NONNULL = YES;
				CLANG_ANALYZER_NUMBER_OBJECT_CONVERSION = YES_AGGRESSIVE;
				CLANG_CXX_LANGUAGE_STANDARD = "gnu++14";
				CLANG_CXX_LIBRARY = "libc++";
				CLANG_ENABLE_MODULES = YES;
				CLANG_ENABLE_OBJC_ARC = YES;
				CLANG_ENABLE_OBJC_WEAK = YES;
				CLANG_WARN_BLOCK_CAPTURE_AUTORELEASING = YES;
				CLANG_WARN_BOOL_CONVERSION = YES;
				CLANG_WARN_COMMA = YES;
				CLANG_WARN_CONSTANT_CONVERSION = YES;
				CLANG_WARN_DEPRECATED_OBJC_IMPLEMENTATIONS = YES;
				CLANG_WARN_DIRECT_OBJC_ISA_USAGE = YES_ERROR;
				CLANG_WARN_DOCUMENTATION_COMMENTS = YES;
				CLANG_WARN_EMPTY_BODY = YES;
				CLANG_WARN_ENUM_CONVERSION = YES;
				CLANG_WARN_INFINITE_RECURSION = YES;
				CLANG_WARN_INT_CONVERSION = YES;
				CLANG_WARN_NON_LITERAL_NULL_CONVERSION = YES;
				CLANG_WARN_OBJC_IMPLICIT_RETAIN_SELF = YES;
				CLANG_WARN_OBJC_LITERAL_CONVERSION = YES;
				CLANG_WARN_OBJC_ROOT_CLASS = YES_ERROR;
				CLANG_WARN_RANGE_LOOP_ANALYSIS = YES;
				CLANG_WARN_STRICT_PROTOTYPES = YES;
				CLANG_WARN_SUSPICIOUS_MOVE = YES;
				CLANG_WARN_UNGUARDED_AVAILABILITY = YES_AGGRESSIVE;
				CLANG_WARN_UNREACHABLE_CODE = YES;
				CLANG_WARN__DUPLICATE_METHOD_MATCH = YES;
				COPY_PHASE_STRIP = NO;
				DEBUG_INFORMATION_FORMAT = dwarf;
				ENABLE_STRICT_OBJC_MSGSEND = YES;
				ENABLE_TESTABILITY = YES;
				GCC_C_LANGUAGE_STANDARD = gnu11;
				GCC_DYNAMIC_NO_PIC = NO;
				GCC_NO_COMMON_BLOCKS = YES;
				GCC_OPTIMIZATION_LEVEL = 0;
				GCC_PREPROCESSOR_DEFINITIONS = (
					"DEBUG=1",
					"$(inherited)",
				);
				GCC_WARN_64_TO_32_BIT_CONVERSION = YES;
				GCC_WARN_ABOUT_RETURN_TYPE = YES_ERROR;
				GCC_WARN_UNDECLARED_SELECTOR = YES;
				GCC_WARN_UNINITIALIZED_AUTOS = YES_AGGRESSIVE;
				GCC_WARN_UNUSED_FUNCTION = YES;
				GCC_WARN_UNUSED_VARIABLE = YES;
				IPHONEOS_DEPLOYMENT_TARGET = 13.0;
				MTL_ENABLE_DEBUG_INFO = INCLUDE_SOURCE;
				MTL_FAST_MATH = YES;
				ONLY_ACTIVE_ARCH = YES;
				SDKROOT = iphoneos;
				SWIFT_ACTIVE_COMPILATION_CONDITIONS = DEBUG;
				SWIFT_OPTIMIZATION_LEVEL = "-Onone";
			};
			name = Debug;
		};
		3BD47DAC22A83A270078E553 /* Release */ = {
			isa = XCBuildConfiguration;
			buildSettings = {
				ALWAYS_SEARCH_USER_PATHS = NO;
				CLANG_ANALYZER_NONNULL = YES;
				CLANG_ANALYZER_NUMBER_OBJECT_CONVERSION = YES_AGGRESSIVE;
				CLANG_CXX_LANGUAGE_STANDARD = "gnu++14";
				CLANG_CXX_LIBRARY = "libc++";
				CLANG_ENABLE_MODULES = YES;
				CLANG_ENABLE_OBJC_ARC = YES;
				CLANG_ENABLE_OBJC_WEAK = YES;
				CLANG_WARN_BLOCK_CAPTURE_AUTORELEASING = YES;
				CLANG_WARN_BOOL_CONVERSION = YES;
				CLANG_WARN_COMMA = YES;
				CLANG_WARN_CONSTANT_CONVERSION = YES;
				CLANG_WARN_DEPRECATED_OBJC_IMPLEMENTATIONS = YES;
				CLANG_WARN_DIRECT_OBJC_ISA_USAGE = YES_ERROR;
				CLANG_WARN_DOCUMENTATION_COMMENTS = YES;
				CLANG_WARN_EMPTY_BODY = YES;
				CLANG_WARN_ENUM_CONVERSION = YES;
				CLANG_WARN_INFINITE_RECURSION = YES;
				CLANG_WARN_INT_CONVERSION = YES;
				CLANG_WARN_NON_LITERAL_NULL_CONVERSION = YES;
				CLANG_WARN_OBJC_IMPLICIT_RETAIN_SELF = YES;
				CLANG_WARN_OBJC_LITERAL_CONVERSION = YES;
				CLANG_WARN_OBJC_ROOT_CLASS = YES_ERROR;
				CLANG_WARN_RANGE_LOOP_ANALYSIS = YES;
				CLANG_WARN_STRICT_PROTOTYPES = YES;
				CLANG_WARN_SUSPICIOUS_MOVE = YES;
				CLANG_WARN_UNGUARDED_AVAILABILITY = YES_AGGRESSIVE;
				CLANG_WARN_UNREACHABLE_CODE = YES;
				CLANG_WARN__DUPLICATE_METHOD_MATCH = YES;
				COPY_PHASE_STRIP = NO;
				DEBUG_INFORMATION_FORMAT = "dwarf-with-dsym";
				ENABLE_NS_ASSERTIONS = NO;
				ENABLE_STRICT_OBJC_MSGSEND = YES;
				GCC_C_LANGUAGE_STANDARD = gnu11;
				GCC_NO_COMMON_BLOCKS = YES;
				GCC_WARN_64_TO_32_BIT_CONVERSION = YES;
				GCC_WARN_ABOUT_RETURN_TYPE = YES_ERROR;
				GCC_WARN_UNDECLARED_SELECTOR = YES;
				GCC_WARN_UNINITIALIZED_AUTOS = YES_AGGRESSIVE;
				GCC_WARN_UNUSED_FUNCTION = YES;
				GCC_WARN_UNUSED_VARIABLE = YES;
				IPHONEOS_DEPLOYMENT_TARGET = 13.0;
				MTL_ENABLE_DEBUG_INFO = NO;
				MTL_FAST_MATH = YES;
				SDKROOT = iphoneos;
				SWIFT_COMPILATION_MODE = wholemodule;
				SWIFT_OPTIMIZATION_LEVEL = "-O";
				VALIDATE_PRODUCT = YES;
			};
			name = Release;
		};
		3BD47DAE22A83A270078E553 /* Debug */ = {
			isa = XCBuildConfiguration;
			buildSettings = {
				ASSETCATALOG_COMPILER_APPICON_NAME = AppIcon;
				CODE_SIGN_STYLE = Automatic;
				DEVELOPMENT_ASSET_PATHS = "Todo-Combine-SwiftUI/Preview\\ Content";
				DEVELOPMENT_TEAM = JN4N46RBA6;
				ENABLE_PREVIEWS = YES;
				INFOPLIST_FILE = "Todo-Combine-SwiftUI/Info.plist";
				LD_RUNPATH_SEARCH_PATHS = (
					"$(inherited)",
					"@executable_path/Frameworks",
				);
				PRODUCT_BUNDLE_IDENTIFIER = "com.jamfly.Todo-Combine-SwiftUI";
				PRODUCT_NAME = "$(TARGET_NAME)";
				SWIFT_VERSION = 5.0;
				TARGETED_DEVICE_FAMILY = "1,2";
			};
			name = Debug;
		};
		3BD47DAF22A83A270078E553 /* Release */ = {
			isa = XCBuildConfiguration;
			buildSettings = {
				ASSETCATALOG_COMPILER_APPICON_NAME = AppIcon;
				CODE_SIGN_STYLE = Automatic;
				DEVELOPMENT_ASSET_PATHS = "Todo-Combine-SwiftUI/Preview\\ Content";
				DEVELOPMENT_TEAM = JN4N46RBA6;
				ENABLE_PREVIEWS = YES;
				INFOPLIST_FILE = "Todo-Combine-SwiftUI/Info.plist";
				LD_RUNPATH_SEARCH_PATHS = (
					"$(inherited)",
					"@executable_path/Frameworks",
				);
				PRODUCT_BUNDLE_IDENTIFIER = "com.jamfly.Todo-Combine-SwiftUI";
				PRODUCT_NAME = "$(TARGET_NAME)";
				SWIFT_VERSION = 5.0;
				TARGETED_DEVICE_FAMILY = "1,2";
			};
			name = Release;
		};
		3BD47DB122A83A270078E553 /* Debug */ = {
			isa = XCBuildConfiguration;
			buildSettings = {
				ALWAYS_EMBED_SWIFT_STANDARD_LIBRARIES = YES;
				BUNDLE_LOADER = "$(TEST_HOST)";
				CODE_SIGN_STYLE = Automatic;
				DEVELOPMENT_TEAM = JN4N46RBA6;
				INFOPLIST_FILE = "Todo-Combine-SwiftUITests/Info.plist";
				LD_RUNPATH_SEARCH_PATHS = (
					"$(inherited)",
					"@executable_path/Frameworks",
					"@loader_path/Frameworks",
				);
				PRODUCT_BUNDLE_IDENTIFIER = "com.jamfly.Todo-Combine-SwiftUITests";
				PRODUCT_NAME = "$(TARGET_NAME)";
				SWIFT_VERSION = 5.0;
				TARGETED_DEVICE_FAMILY = "1,2";
				TEST_HOST = "$(BUILT_PRODUCTS_DIR)/Todo-Combine-SwiftUI.app/Todo-Combine-SwiftUI";
			};
			name = Debug;
		};
		3BD47DB222A83A270078E553 /* Release */ = {
			isa = XCBuildConfiguration;
			buildSettings = {
				ALWAYS_EMBED_SWIFT_STANDARD_LIBRARIES = YES;
				BUNDLE_LOADER = "$(TEST_HOST)";
				CODE_SIGN_STYLE = Automatic;
				DEVELOPMENT_TEAM = JN4N46RBA6;
				INFOPLIST_FILE = "Todo-Combine-SwiftUITests/Info.plist";
				LD_RUNPATH_SEARCH_PATHS = (
					"$(inherited)",
					"@executable_path/Frameworks",
					"@loader_path/Frameworks",
				);
				PRODUCT_BUNDLE_IDENTIFIER = "com.jamfly.Todo-Combine-SwiftUITests";
				PRODUCT_NAME = "$(TARGET_NAME)";
				SWIFT_VERSION = 5.0;
				TARGETED_DEVICE_FAMILY = "1,2";
				TEST_HOST = "$(BUILT_PRODUCTS_DIR)/Todo-Combine-SwiftUI.app/Todo-Combine-SwiftUI";
			};
			name = Release;
		};
		3BD47DB422A83A270078E553 /* Debug */ = {
			isa = XCBuildConfiguration;
			buildSettings = {
				ALWAYS_EMBED_SWIFT_STANDARD_LIBRARIES = YES;
				CODE_SIGN_STYLE = Automatic;
				DEVELOPMENT_TEAM = JN4N46RBA6;
				INFOPLIST_FILE = "Todo-Combine-SwiftUIUITests/Info.plist";
				LD_RUNPATH_SEARCH_PATHS = (
					"$(inherited)",
					"@executable_path/Frameworks",
					"@loader_path/Frameworks",
				);
				PRODUCT_BUNDLE_IDENTIFIER = "com.jamfly.Todo-Combine-SwiftUIUITests";
				PRODUCT_NAME = "$(TARGET_NAME)";
				SWIFT_VERSION = 5.0;
				TARGETED_DEVICE_FAMILY = "1,2";
				TEST_TARGET_NAME = "Todo-Combine-SwiftUI";
			};
			name = Debug;
		};
		3BD47DB522A83A270078E553 /* Release */ = {
			isa = XCBuildConfiguration;
			buildSettings = {
				ALWAYS_EMBED_SWIFT_STANDARD_LIBRARIES = YES;
				CODE_SIGN_STYLE = Automatic;
				DEVELOPMENT_TEAM = JN4N46RBA6;
				INFOPLIST_FILE = "Todo-Combine-SwiftUIUITests/Info.plist";
				LD_RUNPATH_SEARCH_PATHS = (
					"$(inherited)",
					"@executable_path/Frameworks",
					"@loader_path/Frameworks",
				);
				PRODUCT_BUNDLE_IDENTIFIER = "com.jamfly.Todo-Combine-SwiftUIUITests";
				PRODUCT_NAME = "$(TARGET_NAME)";
				SWIFT_VERSION = 5.0;
				TARGETED_DEVICE_FAMILY = "1,2";
				TEST_TARGET_NAME = "Todo-Combine-SwiftUI";
			};
			name = Release;
		};
/* End XCBuildConfiguration section */

/* Begin XCConfigurationList section */
		3BD47D7E22A83A250078E553 /* Build configuration list for PBXProject "Todo-Combine-SwiftUI" */ = {
			isa = XCConfigurationList;
			buildConfigurations = (
				3BD47DAB22A83A270078E553 /* Debug */,
				3BD47DAC22A83A270078E553 /* Release */,
			);
			defaultConfigurationIsVisible = 0;
			defaultConfigurationName = Release;
		};
		3BD47DAD22A83A270078E553 /* Build configuration list for PBXNativeTarget "Todo-Combine-SwiftUI" */ = {
			isa = XCConfigurationList;
			buildConfigurations = (
				3BD47DAE22A83A270078E553 /* Debug */,
				3BD47DAF22A83A270078E553 /* Release */,
			);
			defaultConfigurationIsVisible = 0;
			defaultConfigurationName = Release;
		};
		3BD47DB022A83A270078E553 /* Build configuration list for PBXNativeTarget "Todo-Combine-SwiftUITests" */ = {
			isa = XCConfigurationList;
			buildConfigurations = (
				3BD47DB122A83A270078E553 /* Debug */,
				3BD47DB222A83A270078E553 /* Release */,
			);
			defaultConfigurationIsVisible = 0;
			defaultConfigurationName = Release;
		};
		3BD47DB322A83A270078E553 /* Build configuration list for PBXNativeTarget "Todo-Combine-SwiftUIUITests" */ = {
			isa = XCConfigurationList;
			buildConfigurations = (
				3BD47DB422A83A270078E553 /* Debug */,
				3BD47DB522A83A270078E553 /* Release */,
			);
			defaultConfigurationIsVisible = 0;
			defaultConfigurationName = Release;
		};
/* End XCConfigurationList section */
	};
	rootObject = 3BD47D7B22A83A250078E553 /* Project object */;
}
